
Microsoft Visual Studio Solution File, Format Version 12.00
# Visual Studio Version 16
VisualStudioVersion = 16.0.32002.261
MinimumVisualStudioVersion = 10.0.40219.1
Project("{FAE04EC0-301F-11D3-BF4B-00C04F79EFBC}") = "LINQExample1", "LINQExample1\LINQExample1.csproj", "{A2C72E1D-414B-4DEC-8562-8115767369E2}"
EndProject
Global
	GlobalSection(SolutionConfigurationPlatforms) = preSolution
		Debug|Any CPU = Debug|Any CPU
		Release|Any CPU = Release|Any CPU
	EndGlobalSection
	GlobalSection(ProjectConfigurationPlatforms) = postSolution
		{A2C72E1D-414B-4DEC-8562-8115767369E2}.Debug|Any CPU.ActiveCfg = Debug|Any CPU
		{A2C72E1D-414B-4DEC-8562-8115767369E2}.Debug|Any CPU.Build.0 = Debug|Any CPU
		{A2C72E1D-414B-4DEC-8562-8115767369E2}.Release|Any CPU.ActiveCfg = Release|Any CPU
		{A2C72E1D-414B-4DEC-8562-8115767369E2}.Release|Any CPU.Build.0 = Release|Any CPU
	EndGlobalSection
	GlobalSection(SolutionProperties) = preSolution
		HideSolutionNode = FALSE
	EndGlobalSection
	GlobalSection(ExtensibilityGlobals) = postSolution
		SolutionGuid = {FA7D2B55-EC87-4ABD-83F8-34EC22B5D0F6}
	EndGlobalSection
EndGlobal
